
Microsoft Visual Studio Solution File, Format Version 12.00
# Visual Studio Version 16
VisualStudioVersion = 16.0.29519.181
MinimumVisualStudioVersion = 10.0.40219.1
Project("{FAE04EC0-301F-11D3-BF4B-00C04F79EFBC}") = "Secure-api", "Secure-api\Secure-api.csproj", "{22858229-E032-4B82-9574-FAE424792DB8}"
EndProject
Global
	GlobalSection(SolutionConfigurationPlatforms) = preSolution
		Debug|Any CPU = Debug|Any CPU
		Release|Any CPU = Release|Any CPU
	EndGlobalSection
	GlobalSection(ProjectConfigurationPlatforms) = postSolution
		{22858229-E032-4B82-9574-FAE424792DB8}.Debug|Any CPU.ActiveCfg = Debug|Any CPU
		{22858229-E032-4B82-9574-FAE424792DB8}.Debug|Any CPU.Build.0 = Debug|Any CPU
		{22858229-E032-4B82-9574-FAE424792DB8}.Release|Any CPU.ActiveCfg = Release|Any CPU
		{22858229-E032-4B82-9574-FAE424792DB8}.Release|Any CPU.Build.0 = Release|Any CPU
	EndGlobalSection
	GlobalSection(SolutionProperties) = preSolution
		HideSolutionNode = FALSE
	EndGlobalSection
	GlobalSection(ExtensibilityGlobals) = postSolution
		SolutionGuid = {0A5DD74E-274F-40C0-8F1C-1FA743BDF336}
	EndGlobalSection
EndGlobal
